
Microsoft Visual Studio Solution File, Format Version 12.00
# Visual Studio Version 17
VisualStudioVersion = 17.5.002.0
MinimumVisualStudioVersion = 10.0.40219.1
Project("{9A19103F-16F7-4668-BE54-9A1E7A4F7556}") = "day19", "day19.csproj", "{8B042EEE-8BFB-4907-9A43-AE1580A85A64}"
EndProject
Global
	GlobalSection(SolutionConfigurationPlatforms) = preSolution
		Debug|Any CPU = Debug|Any CPU
		Release|Any CPU = Release|Any CPU
	EndGlobalSection
	GlobalSection(ProjectConfigurationPlatforms) = postSolution
		{8B042EEE-8BFB-4907-9A43-AE1580A85A64}.Debug|Any CPU.ActiveCfg = Debug|Any CPU
		{8B042EEE-8BFB-4907-9A43-AE1580A85A64}.Debug|Any CPU.Build.0 = Debug|Any CPU
		{8B042EEE-8BFB-4907-9A43-AE1580A85A64}.Release|Any CPU.ActiveCfg = Release|Any CPU
		{8B042EEE-8BFB-4907-9A43-AE1580A85A64}.Release|Any CPU.Build.0 = Release|Any CPU
	EndGlobalSection
	GlobalSection(SolutionProperties) = preSolution
		HideSolutionNode = FALSE
	EndGlobalSection
	GlobalSection(ExtensibilityGlobals) = postSolution
		SolutionGuid = {78323910-C06A-4314-8223-5E02A2644C32}
	EndGlobalSection
EndGlobal
